
Microsoft Visual Studio Solution File, Format Version 11.00
# Visual Studio 2010
Project("{8BC9CEB8-8B4A-11D0-8D11-00A0C91BC942}") = "OSG_TOUCH", "OSG_TOUCH\OSG_TOUCH.vcxproj", "{0D26EA6E-C689-42CA-A1C5-1D326F02BE66}"
EndProject
Global
	GlobalSection(SolutionConfigurationPlatforms) = preSolution
		Debug|Win32 = Debug|Win32
		Release|Win32 = Release|Win32
	EndGlobalSection
	GlobalSection(ProjectConfigurationPlatforms) = postSolution
		{0D26EA6E-C689-42CA-A1C5-1D326F02BE66}.Debug|Win32.ActiveCfg = Debug|Win32
		{0D26EA6E-C689-42CA-A1C5-1D326F02BE66}.Debug|Win32.Build.0 = Debug|Win32
		{0D26EA6E-C689-42CA-A1C5-1D326F02BE66}.Release|Win32.ActiveCfg = Release|Win32
		{0D26EA6E-C689-42CA-A1C5-1D326F02BE66}.Release|Win32.Build.0 = Release|Win32
	EndGlobalSection
	GlobalSection(SolutionProperties) = preSolution
		HideSolutionNode = FALSE
	EndGlobalSection
EndGlobal
